
Microsoft Visual Studio Solution File, Format Version 12.00
# Visual Studio Version 17
VisualStudioVersion = 17.7.34031.279
MinimumVisualStudioVersion = 10.0.40219.1
Project("{FAE04EC0-301F-11D3-BF4B-00C04F79EFBC}") = "DisableDoubleTap", "DisableDoubleTap\DisableDoubleTap.csproj", "{984F1E6C-4892-4310-B2E9-FDB60A613294}"
EndProject
Global
	GlobalSection(SolutionConfigurationPlatforms) = preSolution
		Debug|Any CPU = Debug|Any CPU
		Release|Any CPU = Release|Any CPU
	EndGlobalSection
	GlobalSection(ProjectConfigurationPlatforms) = postSolution
		{984F1E6C-4892-4310-B2E9-FDB60A613294}.Debug|Any CPU.ActiveCfg = Debug|Any CPU
		{984F1E6C-4892-4310-B2E9-FDB60A613294}.Debug|Any CPU.Build.0 = Debug|Any CPU
		{984F1E6C-4892-4310-B2E9-FDB60A613294}.Release|Any CPU.ActiveCfg = Release|Any CPU
		{984F1E6C-4892-4310-B2E9-FDB60A613294}.Release|Any CPU.Build.0 = Release|Any CPU
	EndGlobalSection
	GlobalSection(SolutionProperties) = preSolution
		HideSolutionNode = FALSE
	EndGlobalSection
	GlobalSection(ExtensibilityGlobals) = postSolution
		SolutionGuid = {0C73967E-5E05-4AFD-94EA-1E7633ADA028}
	EndGlobalSection
EndGlobal
